
Microsoft Visual Studio Solution File, Format Version 12.00
# Visual Studio Version 16
VisualStudioVersion = 16.0.31019.35
MinimumVisualStudioVersion = 10.0.40219.1
Project("{9A19103F-16F7-4668-BE54-9A1E7A4F7556}") = "Entities", "Entities\Entities.csproj", "{EC5FB135-D52C-48C0-847F-7EF917AFAFDA}"
EndProject
Project("{9A19103F-16F7-4668-BE54-9A1E7A4F7556}") = "DataAccess", "DataAccess\DataAccess.csproj", "{32F3E769-18B3-4FDB-8D07-9AAE85396556}"
EndProject
Project("{9A19103F-16F7-4668-BE54-9A1E7A4F7556}") = "Business", "Business\Business.csproj", "{2865BF18-F0FC-45D6-ADC1-7BFAFC78F740}"
EndProject
Project("{9A19103F-16F7-4668-BE54-9A1E7A4F7556}") = "ConsoleUI", "ConsoleUI\ConsoleUI.csproj", "{9319AC27-BE3E-49FF-B0F9-50014F8A33C3}"
EndProject
Project("{FAE04EC0-301F-11D3-BF4B-00C04F79EFBC}") = "Core", "Core\Core.csproj", "{7B6D0C1E-53FB-4577-B785-B3F5101BFD4C}"
EndProject
Global
	GlobalSection(SolutionConfigurationPlatforms) = preSolution
		Debug|Any CPU = Debug|Any CPU
		Release|Any CPU = Release|Any CPU
	EndGlobalSection
	GlobalSection(ProjectConfigurationPlatforms) = postSolution
		{EC5FB135-D52C-48C0-847F-7EF917AFAFDA}.Debug|Any CPU.ActiveCfg = Debug|Any CPU
		{EC5FB135-D52C-48C0-847F-7EF917AFAFDA}.Debug|Any CPU.Build.0 = Debug|Any CPU
		{EC5FB135-D52C-48C0-847F-7EF917AFAFDA}.Release|Any CPU.ActiveCfg = Release|Any CPU
		{EC5FB135-D52C-48C0-847F-7EF917AFAFDA}.Release|Any CPU.Build.0 = Release|Any CPU
		{32F3E769-18B3-4FDB-8D07-9AAE85396556}.Debug|Any CPU.ActiveCfg = Debug|Any CPU
		{32F3E769-18B3-4FDB-8D07-9AAE85396556}.Debug|Any CPU.Build.0 = Debug|Any CPU
		{32F3E769-18B3-4FDB-8D07-9AAE85396556}.Release|Any CPU.ActiveCfg = Release|Any CPU
		{32F3E769-18B3-4FDB-8D07-9AAE85396556}.Release|Any CPU.Build.0 = Release|Any CPU
		{2865BF18-F0FC-45D6-ADC1-7BFAFC78F740}.Debug|Any CPU.ActiveCfg = Debug|Any CPU
		{2865BF18-F0FC-45D6-ADC1-7BFAFC78F740}.Debug|Any CPU.Build.0 = Debug|Any CPU
		{2865BF18-F0FC-45D6-ADC1-7BFAFC78F740}.Release|Any CPU.ActiveCfg = Release|Any CPU
		{2865BF18-F0FC-45D6-ADC1-7BFAFC78F740}.Release|Any CPU.Build.0 = Release|Any CPU
		{9319AC27-BE3E-49FF-B0F9-50014F8A33C3}.Debug|Any CPU.ActiveCfg = Debug|Any CPU
		{9319AC27-BE3E-49FF-B0F9-50014F8A33C3}.Debug|Any CPU.Build.0 = Debug|Any CPU
		{9319AC27-BE3E-49FF-B0F9-50014F8A33C3}.Release|Any CPU.ActiveCfg = Release|Any CPU
		{9319AC27-BE3E-49FF-B0F9-50014F8A33C3}.Release|Any CPU.Build.0 = Release|Any CPU
		{7B6D0C1E-53FB-4577-B785-B3F5101BFD4C}.Debug|Any CPU.ActiveCfg = Debug|Any CPU
		{7B6D0C1E-53FB-4577-B785-B3F5101BFD4C}.Debug|Any CPU.Build.0 = Debug|Any CPU
		{7B6D0C1E-53FB-4577-B785-B3F5101BFD4C}.Release|Any CPU.ActiveCfg = Release|Any CPU
		{7B6D0C1E-53FB-4577-B785-B3F5101BFD4C}.Release|Any CPU.Build.0 = Release|Any CPU
	EndGlobalSection
	GlobalSection(SolutionProperties) = preSolution
		HideSolutionNode = FALSE
	EndGlobalSection
	GlobalSection(ExtensibilityGlobals) = postSolution
		SolutionGuid = {1D9B5806-4645-4869-9EA4-804357D66D42}
	EndGlobalSection
EndGlobal
